dependencies:
  espressif/esp-modbus:
    component_hash: e42ebfdfc9d8e46821a915b4c1a5c6465c44dbd4e1bca10531e26f4adc7acc42
    source:
      service_url: https://api.components.espressif.com/
      type: service
    version: 1.0.17
  idf:
    component_hash: null
    source:
      type: idf
    version: 5.4.0
  mb_example_common:
    component_hash: null
    source:
      path: C:\Users\Olmoro\.platformio\packages\framework-espidf\examples\protocols\modbus\mb_example_common
      type: local
    version: '*'
manifest_hash: 274dc2c3f9a8b9b721de7574df5308c5bb2f1472b6ebe21f7e53a789219ebb8b
target: esp32
version: 1.0.0
